
Microsoft Visual Studio Solution File, Format Version 12.00
# Visual Studio 2013
VisualStudioVersion = 12.0.21005.1
MinimumVisualStudioVersion = 10.0.40219.1
Project("{2150E333-8FDC-42A3-9474-1A3956D46DE8}") = "src", "src", "{9F07395B-938F-4C93-8BE5-0FBBBCDC6DA5}"
EndProject
Project("{2150E333-8FDC-42A3-9474-1A3956D46DE8}") = "tests", "tests", "{457F5521-CCCD-44FC-9654-CF39747614A4}"
EndProject
Project("{FAE04EC0-301F-11D3-BF4B-00C04F79EFBC}") = "DocaLabs.Testing.Common", "tests\DocaLabs.Testing.Common\DocaLabs.Testing.Common.csproj", "{40A96AE2-C931-4AC1-A38E-5FBB3045216C}"
EndProject
Project("{FAE04EC0-301F-11D3-BF4B-00C04F79EFBC}") = "DocaLabs.Http.Client", "src\DocaLabs.Http.Client\DocaLabs.Http.Client.csproj", "{B3EE3B7A-05E3-4B0E-9C56-476BE4354EEB}"
EndProject
Project("{FAE04EC0-301F-11D3-BF4B-00C04F79EFBC}") = "DocaLabs.Http.Client.Tests", "tests\DocaLabs.Http.Client.Tests\DocaLabs.Http.Client.Tests.csproj", "{39AD9FB5-C1CE-4D32-9253-79F795DC6426}"
EndProject
Project("{FAE04EC0-301F-11D3-BF4B-00C04F79EFBC}") = "DocaLabs.Http.Client.Integration.Tests", "tests\DocaLabs.Http.Client.Integration.Tests\DocaLabs.Http.Client.Integration.Tests.csproj", "{A10951A1-8B5D-4518-93D5-C43476A52B41}"
EndProject
Project("{FAE04EC0-301F-11D3-BF4B-00C04F79EFBC}") = "DocaLabs.Http.Client.Extension.NewtonSoft", "src\DocaLabs.Http.Client.Extension.NewtonSoft\DocaLabs.Http.Client.Extension.NewtonSoft.csproj", "{BFC334E3-25E4-4973-89B8-6B25276859B2}"
EndProject
Project("{2150E333-8FDC-42A3-9474-1A3956D46DE8}") = "unit", "unit", "{6684DB84-8528-4089-837C-C75247A7FB4B}"
EndProject
Project("{2150E333-8FDC-42A3-9474-1A3956D46DE8}") = "integration", "integration", "{E3B53EEF-D455-4AE4-B1AA-286CA572C279}"
EndProject
Project("{2150E333-8FDC-42A3-9474-1A3956D46DE8}") = "examples", "examples", "{E15F1853-FE85-4A5A-8B12-4B8F1D998CD6}"
EndProject
Project("{FAE04EC0-301F-11D3-BF4B-00C04F79EFBC}") = "DocaLabs.Http.Client.Remote.Integration.Tests", "tests\DocaLabs.Http.Client.Remote.Integration.Tests\DocaLabs.Http.Client.Remote.Integration.Tests.csproj", "{DDAB3D1C-0F71-4E58-8E11-73E1230B0FDB}"
EndProject
Project("{FAE04EC0-301F-11D3-BF4B-00C04F79EFBC}") = "DocsaLabs.Http.Client.Google.Examples", "tests\DocsaLabs.Http.Client.Google.Examples\DocsaLabs.Http.Client.Google.Examples.csproj", "{39FF9D74-01B8-42FE-8B20-FB3A4ED51F00}"
EndProject
Project("{FAE04EC0-301F-11D3-BF4B-00C04F79EFBC}") = "DocaLabs.Http.Client.Extension.Test.Example", "tests\DocaLabs.Http.Client.Extension.Test.Example\DocaLabs.Http.Client.Extension.Test.Example.csproj", "{07FF9EA5-FAA8-433A-95EF-B7A9DA2EFFF6}"
EndProject
Project("{2150E333-8FDC-42A3-9474-1A3956D46DE8}") = ".nuget", ".nuget", "{D9B79943-F836-4AC1-9D32-91C52A096C25}"
	ProjectSection(SolutionItems) = preProject
		.nuget\NuGet.Config = .nuget\NuGet.Config
		.nuget\NuGet.exe = .nuget\NuGet.exe
		.nuget\NuGet.targets = .nuget\NuGet.targets
	EndProjectSection
EndProject
Project("{FAE04EC0-301F-11D3-BF4B-00C04F79EFBC}") = "DocaLabs.Http.Client.Tests.MSTest", "tests\DocaLabs.Http.Client.Tests.MSTest\DocaLabs.Http.Client.Tests.MSTest.csproj", "{B0716490-5D1A-40FD-835C-9AA263523B21}"
EndProject
Project("{FAE04EC0-301F-11D3-BF4B-00C04F79EFBC}") = "DocaLabs.Http.Client.Extension.NewtonSoft.Tests", "tests\DocaLabs.Http.Client.Extension.NewtonSoft.Tests\DocaLabs.Http.Client.Extension.NewtonSoft.Tests.csproj", "{C0910D55-CA4A-4F2A-851F-F6FA90D49DD7}"
EndProject
Project("{2150E333-8FDC-42A3-9474-1A3956D46DE8}") = ".solution", ".solution", "{1911919A-FA5C-4D0D-AA53-104662A59933}"
	ProjectSection(SolutionItems) = preProject
		README.md = README.md
	EndProjectSection
EndProject
Project("{2150E333-8FDC-42A3-9474-1A3956D46DE8}") = ".net", ".net", "{FE9F6326-7538-4354-8E2E-62CB9B4734D0}"
EndProject
Project("{FAE04EC0-301F-11D3-BF4B-00C04F79EFBC}") = "DocaLabs.Http.Client.Core", "src\DocaLabs.Http.Client.Core\DocaLabs.Http.Client.Core.csproj", "{82F9423E-89AD-46EF-A347-6549097B8758}"
EndProject
Project("{2150E333-8FDC-42A3-9474-1A3956D46DE8}") = "phone", "phone", "{FE47BC71-92B2-4321-B7C5-33FF06B8080A}"
EndProject
Project("{FAE04EC0-301F-11D3-BF4B-00C04F79EFBC}") = "DocaLabs.Http.Client.Phone", "src\DocaLabs.Http.Client.Phone\DocaLabs.Http.Client.Phone.csproj", "{41DF1459-0344-4A4C-859F-8185540E3D30}"
EndProject
Project("{2150E333-8FDC-42A3-9474-1A3956D46DE8}") = "core", "core", "{9EB33A89-B8B5-4D1A-8CAC-91CEFD087BB5}"
EndProject
Global
	GlobalSection(SolutionConfigurationPlatforms) = preSolution
		Debug|Any CPU = Debug|Any CPU
		Debug|ARM = Debug|ARM
		Debug|x86 = Debug|x86
		Release|Any CPU = Release|Any CPU
		Release|ARM = Release|ARM
		Release|x86 = Release|x86
	EndGlobalSection
	GlobalSection(ProjectConfigurationPlatforms) = postSolution
		{40A96AE2-C931-4AC1-A38E-5FBB3045216C}.Debug|Any CPU.ActiveCfg = Debug|Any CPU
		{40A96AE2-C931-4AC1-A38E-5FBB3045216C}.Debug|Any CPU.Build.0 = Debug|Any CPU
		{40A96AE2-C931-4AC1-A38E-5FBB3045216C}.Debug|ARM.ActiveCfg = Debug|Any CPU
		{40A96AE2-C931-4AC1-A38E-5FBB3045216C}.Debug|x86.ActiveCfg = Debug|Any CPU
		{40A96AE2-C931-4AC1-A38E-5FBB3045216C}.Release|Any CPU.ActiveCfg = Release|Any CPU
		{40A96AE2-C931-4AC1-A38E-5FBB3045216C}.Release|Any CPU.Build.0 = Release|Any CPU
		{40A96AE2-C931-4AC1-A38E-5FBB3045216C}.Release|ARM.ActiveCfg = Release|Any CPU
		{40A96AE2-C931-4AC1-A38E-5FBB3045216C}.Release|x86.ActiveCfg = Release|Any CPU
		{B3EE3B7A-05E3-4B0E-9C56-476BE4354EEB}.Debug|Any CPU.ActiveCfg = Debug|Any CPU
		{B3EE3B7A-05E3-4B0E-9C56-476BE4354EEB}.Debug|Any CPU.Build.0 = Debug|Any CPU
		{B3EE3B7A-05E3-4B0E-9C56-476BE4354EEB}.Debug|ARM.ActiveCfg = Debug|Any CPU
		{B3EE3B7A-05E3-4B0E-9C56-476BE4354EEB}.Debug|x86.ActiveCfg = Debug|Any CPU
		{B3EE3B7A-05E3-4B0E-9C56-476BE4354EEB}.Release|Any CPU.ActiveCfg = Release|Any CPU
		{B3EE3B7A-05E3-4B0E-9C56-476BE4354EEB}.Release|Any CPU.Build.0 = Release|Any CPU
		{B3EE3B7A-05E3-4B0E-9C56-476BE4354EEB}.Release|ARM.ActiveCfg = Release|Any CPU
		{B3EE3B7A-05E3-4B0E-9C56-476BE4354EEB}.Release|x86.ActiveCfg = Release|Any CPU
		{39AD9FB5-C1CE-4D32-9253-79F795DC6426}.Debug|Any CPU.ActiveCfg = Debug|Any CPU
		{39AD9FB5-C1CE-4D32-9253-79F795DC6426}.Debug|Any CPU.Build.0 = Debug|Any CPU
		{39AD9FB5-C1CE-4D32-9253-79F795DC6426}.Debug|ARM.ActiveCfg = Debug|Any CPU
		{39AD9FB5-C1CE-4D32-9253-79F795DC6426}.Debug|x86.ActiveCfg = Debug|Any CPU
		{39AD9FB5-C1CE-4D32-9253-79F795DC6426}.Release|Any CPU.ActiveCfg = Release|Any CPU
		{39AD9FB5-C1CE-4D32-9253-79F795DC6426}.Release|Any CPU.Build.0 = Release|Any CPU
		{39AD9FB5-C1CE-4D32-9253-79F795DC6426}.Release|ARM.ActiveCfg = Release|Any CPU
		{39AD9FB5-C1CE-4D32-9253-79F795DC6426}.Release|x86.ActiveCfg = Release|Any CPU
		{A10951A1-8B5D-4518-93D5-C43476A52B41}.Debug|Any CPU.ActiveCfg = Debug|Any CPU
		{A10951A1-8B5D-4518-93D5-C43476A52B41}.Debug|Any CPU.Build.0 = Debug|Any CPU
		{A10951A1-8B5D-4518-93D5-C43476A52B41}.Debug|ARM.ActiveCfg = Debug|Any CPU
		{A10951A1-8B5D-4518-93D5-C43476A52B41}.Debug|x86.ActiveCfg = Debug|Any CPU
		{A10951A1-8B5D-4518-93D5-C43476A52B41}.Release|Any CPU.ActiveCfg = Release|Any CPU
		{A10951A1-8B5D-4518-93D5-C43476A52B41}.Release|Any CPU.Build.0 = Release|Any CPU
		{A10951A1-8B5D-4518-93D5-C43476A52B41}.Release|ARM.ActiveCfg = Release|Any CPU
		{A10951A1-8B5D-4518-93D5-C43476A52B41}.Release|x86.ActiveCfg = Release|Any CPU
		{BFC334E3-25E4-4973-89B8-6B25276859B2}.Debug|Any CPU.ActiveCfg = Debug|Any CPU
		{BFC334E3-25E4-4973-89B8-6B25276859B2}.Debug|Any CPU.Build.0 = Debug|Any CPU
		{BFC334E3-25E4-4973-89B8-6B25276859B2}.Debug|ARM.ActiveCfg = Debug|Any CPU
		{BFC334E3-25E4-4973-89B8-6B25276859B2}.Debug|x86.ActiveCfg = Debug|Any CPU
		{BFC334E3-25E4-4973-89B8-6B25276859B2}.Release|Any CPU.ActiveCfg = Release|Any CPU
		{BFC334E3-25E4-4973-89B8-6B25276859B2}.Release|Any CPU.Build.0 = Release|Any CPU
		{BFC334E3-25E4-4973-89B8-6B25276859B2}.Release|ARM.ActiveCfg = Release|Any CPU
		{BFC334E3-25E4-4973-89B8-6B25276859B2}.Release|x86.ActiveCfg = Release|Any CPU
		{DDAB3D1C-0F71-4E58-8E11-73E1230B0FDB}.Debug|Any CPU.ActiveCfg = Debug|Any CPU
		{DDAB3D1C-0F71-4E58-8E11-73E1230B0FDB}.Debug|Any CPU.Build.0 = Debug|Any CPU
		{DDAB3D1C-0F71-4E58-8E11-73E1230B0FDB}.Debug|ARM.ActiveCfg = Debug|Any CPU
		{DDAB3D1C-0F71-4E58-8E11-73E1230B0FDB}.Debug|x86.ActiveCfg = Debug|Any CPU
		{DDAB3D1C-0F71-4E58-8E11-73E1230B0FDB}.Release|Any CPU.ActiveCfg = Release|Any CPU
		{DDAB3D1C-0F71-4E58-8E11-73E1230B0FDB}.Release|Any CPU.Build.0 = Release|Any CPU
		{DDAB3D1C-0F71-4E58-8E11-73E1230B0FDB}.Release|ARM.ActiveCfg = Release|Any CPU
		{DDAB3D1C-0F71-4E58-8E11-73E1230B0FDB}.Release|x86.ActiveCfg = Release|Any CPU
		{39FF9D74-01B8-42FE-8B20-FB3A4ED51F00}.Debug|Any CPU.ActiveCfg = Debug|Any CPU
		{39FF9D74-01B8-42FE-8B20-FB3A4ED51F00}.Debug|Any CPU.Build.0 = Debug|Any CPU
		{39FF9D74-01B8-42FE-8B20-FB3A4ED51F00}.Debug|ARM.ActiveCfg = Debug|Any CPU
		{39FF9D74-01B8-42FE-8B20-FB3A4ED51F00}.Debug|x86.ActiveCfg = Debug|Any CPU
		{39FF9D74-01B8-42FE-8B20-FB3A4ED51F00}.Release|Any CPU.ActiveCfg = Release|Any CPU
		{39FF9D74-01B8-42FE-8B20-FB3A4ED51F00}.Release|Any CPU.Build.0 = Release|Any CPU
		{39FF9D74-01B8-42FE-8B20-FB3A4ED51F00}.Release|ARM.ActiveCfg = Release|Any CPU
		{39FF9D74-01B8-42FE-8B20-FB3A4ED51F00}.Release|x86.ActiveCfg = Release|Any CPU
		{07FF9EA5-FAA8-433A-95EF-B7A9DA2EFFF6}.Debug|Any CPU.ActiveCfg = Debug|Any CPU
		{07FF9EA5-FAA8-433A-95EF-B7A9DA2EFFF6}.Debug|Any CPU.Build.0 = Debug|Any CPU
		{07FF9EA5-FAA8-433A-95EF-B7A9DA2EFFF6}.Debug|ARM.ActiveCfg = Debug|Any CPU
		{07FF9EA5-FAA8-433A-95EF-B7A9DA2EFFF6}.Debug|x86.ActiveCfg = Debug|Any CPU
		{07FF9EA5-FAA8-433A-95EF-B7A9DA2EFFF6}.Release|Any CPU.ActiveCfg = Release|Any CPU
		{07FF9EA5-FAA8-433A-95EF-B7A9DA2EFFF6}.Release|Any CPU.Build.0 = Release|Any CPU
		{07FF9EA5-FAA8-433A-95EF-B7A9DA2EFFF6}.Release|ARM.ActiveCfg = Release|Any CPU
		{07FF9EA5-FAA8-433A-95EF-B7A9DA2EFFF6}.Release|x86.ActiveCfg = Release|Any CPU
		{B0716490-5D1A-40FD-835C-9AA263523B21}.Debug|Any CPU.ActiveCfg = Debug|Any CPU
		{B0716490-5D1A-40FD-835C-9AA263523B21}.Debug|Any CPU.Build.0 = Debug|Any CPU
		{B0716490-5D1A-40FD-835C-9AA263523B21}.Debug|ARM.ActiveCfg = Debug|Any CPU
		{B0716490-5D1A-40FD-835C-9AA263523B21}.Debug|x86.ActiveCfg = Debug|Any CPU
		{B0716490-5D1A-40FD-835C-9AA263523B21}.Release|Any CPU.ActiveCfg = Release|Any CPU
		{B0716490-5D1A-40FD-835C-9AA263523B21}.Release|Any CPU.Build.0 = Release|Any CPU
		{B0716490-5D1A-40FD-835C-9AA263523B21}.Release|ARM.ActiveCfg = Release|Any CPU
		{B0716490-5D1A-40FD-835C-9AA263523B21}.Release|x86.ActiveCfg = Release|Any CPU
		{C0910D55-CA4A-4F2A-851F-F6FA90D49DD7}.Debug|Any CPU.ActiveCfg = Debug|Any CPU
		{C0910D55-CA4A-4F2A-851F-F6FA90D49DD7}.Debug|Any CPU.Build.0 = Debug|Any CPU
		{C0910D55-CA4A-4F2A-851F-F6FA90D49DD7}.Debug|ARM.ActiveCfg = Debug|Any CPU
		{C0910D55-CA4A-4F2A-851F-F6FA90D49DD7}.Debug|x86.ActiveCfg = Debug|Any CPU
		{C0910D55-CA4A-4F2A-851F-F6FA90D49DD7}.Release|Any CPU.ActiveCfg = Release|Any CPU
		{C0910D55-CA4A-4F2A-851F-F6FA90D49DD7}.Release|Any CPU.Build.0 = Release|Any CPU
		{C0910D55-CA4A-4F2A-851F-F6FA90D49DD7}.Release|ARM.ActiveCfg = Release|Any CPU
		{C0910D55-CA4A-4F2A-851F-F6FA90D49DD7}.Release|x86.ActiveCfg = Release|Any CPU
		{82F9423E-89AD-46EF-A347-6549097B8758}.Debug|Any CPU.ActiveCfg = Debug|Any CPU
		{82F9423E-89AD-46EF-A347-6549097B8758}.Debug|Any CPU.Build.0 = Debug|Any CPU
		{82F9423E-89AD-46EF-A347-6549097B8758}.Debug|ARM.ActiveCfg = Debug|Any CPU
		{82F9423E-89AD-46EF-A347-6549097B8758}.Debug|x86.ActiveCfg = Debug|Any CPU
		{82F9423E-89AD-46EF-A347-6549097B8758}.Release|Any CPU.ActiveCfg = Release|Any CPU
		{82F9423E-89AD-46EF-A347-6549097B8758}.Release|Any CPU.Build.0 = Release|Any CPU
		{82F9423E-89AD-46EF-A347-6549097B8758}.Release|ARM.ActiveCfg = Release|Any CPU
		{82F9423E-89AD-46EF-A347-6549097B8758}.Release|x86.ActiveCfg = Release|Any CPU
		{41DF1459-0344-4A4C-859F-8185540E3D30}.Debug|Any CPU.ActiveCfg = Debug|Any CPU
		{41DF1459-0344-4A4C-859F-8185540E3D30}.Debug|Any CPU.Build.0 = Debug|Any CPU
		{41DF1459-0344-4A4C-859F-8185540E3D30}.Debug|ARM.ActiveCfg = Debug|ARM
		{41DF1459-0344-4A4C-859F-8185540E3D30}.Debug|ARM.Build.0 = Debug|ARM
		{41DF1459-0344-4A4C-859F-8185540E3D30}.Debug|x86.ActiveCfg = Debug|x86
		{41DF1459-0344-4A4C-859F-8185540E3D30}.Debug|x86.Build.0 = Debug|x86
		{41DF1459-0344-4A4C-859F-8185540E3D30}.Release|Any CPU.ActiveCfg = Release|Any CPU
		{41DF1459-0344-4A4C-859F-8185540E3D30}.Release|Any CPU.Build.0 = Release|Any CPU
		{41DF1459-0344-4A4C-859F-8185540E3D30}.Release|ARM.ActiveCfg = Release|ARM
		{41DF1459-0344-4A4C-859F-8185540E3D30}.Release|ARM.Build.0 = Release|ARM
		{41DF1459-0344-4A4C-859F-8185540E3D30}.Release|x86.ActiveCfg = Release|x86
		{41DF1459-0344-4A4C-859F-8185540E3D30}.Release|x86.Build.0 = Release|x86
	EndGlobalSection
	GlobalSection(SolutionProperties) = preSolution
		HideSolutionNode = FALSE
	EndGlobalSection
	GlobalSection(NestedProjects) = preSolution
		{FE9F6326-7538-4354-8E2E-62CB9B4734D0} = {9F07395B-938F-4C93-8BE5-0FBBBCDC6DA5}
		{BFC334E3-25E4-4973-89B8-6B25276859B2} = {9F07395B-938F-4C93-8BE5-0FBBBCDC6DA5}
		{FE47BC71-92B2-4321-B7C5-33FF06B8080A} = {9F07395B-938F-4C93-8BE5-0FBBBCDC6DA5}
		{9EB33A89-B8B5-4D1A-8CAC-91CEFD087BB5} = {9F07395B-938F-4C93-8BE5-0FBBBCDC6DA5}
		{40A96AE2-C931-4AC1-A38E-5FBB3045216C} = {457F5521-CCCD-44FC-9654-CF39747614A4}
		{6684DB84-8528-4089-837C-C75247A7FB4B} = {457F5521-CCCD-44FC-9654-CF39747614A4}
		{E3B53EEF-D455-4AE4-B1AA-286CA572C279} = {457F5521-CCCD-44FC-9654-CF39747614A4}
		{E15F1853-FE85-4A5A-8B12-4B8F1D998CD6} = {457F5521-CCCD-44FC-9654-CF39747614A4}
		{B3EE3B7A-05E3-4B0E-9C56-476BE4354EEB} = {FE9F6326-7538-4354-8E2E-62CB9B4734D0}
		{39AD9FB5-C1CE-4D32-9253-79F795DC6426} = {6684DB84-8528-4089-837C-C75247A7FB4B}
		{B0716490-5D1A-40FD-835C-9AA263523B21} = {6684DB84-8528-4089-837C-C75247A7FB4B}
		{C0910D55-CA4A-4F2A-851F-F6FA90D49DD7} = {6684DB84-8528-4089-837C-C75247A7FB4B}
		{A10951A1-8B5D-4518-93D5-C43476A52B41} = {E3B53EEF-D455-4AE4-B1AA-286CA572C279}
		{DDAB3D1C-0F71-4E58-8E11-73E1230B0FDB} = {E3B53EEF-D455-4AE4-B1AA-286CA572C279}
		{07FF9EA5-FAA8-433A-95EF-B7A9DA2EFFF6} = {E3B53EEF-D455-4AE4-B1AA-286CA572C279}
		{39FF9D74-01B8-42FE-8B20-FB3A4ED51F00} = {E15F1853-FE85-4A5A-8B12-4B8F1D998CD6}
		{41DF1459-0344-4A4C-859F-8185540E3D30} = {FE47BC71-92B2-4321-B7C5-33FF06B8080A}
		{82F9423E-89AD-46EF-A347-6549097B8758} = {9EB33A89-B8B5-4D1A-8CAC-91CEFD087BB5}
	EndGlobalSection
EndGlobal
