
Microsoft Visual Studio Solution File, Format Version 12.00
# Visual Studio 2013
VisualStudioVersion = 12.0.21005.1
MinimumVisualStudioVersion = 10.0.40219.1
Project("{2150E333-8FDC-42A3-9474-1A3956D46DE8}") = "src", "src", "{9F07395B-938F-4C93-8BE5-0FBBBCDC6DA5}"
EndProject
Project("{2150E333-8FDC-42A3-9474-1A3956D46DE8}") = "tests", "tests", "{457F5521-CCCD-44FC-9654-CF39747614A4}"
EndProject
Project("{FAE04EC0-301F-11D3-BF4B-00C04F79EFBC}") = "DocaLabs.Testing.Common", "tests\DocaLabs.Test.Common\DocaLabs.Testing.Common.csproj", "{40A96AE2-C931-4AC1-A38E-5FBB3045216C}"
EndProject
Project("{FAE04EC0-301F-11D3-BF4B-00C04F79EFBC}") = "DocaLabs.Http.Client.DotNet", "src\DocaLabs.Http.Client.DotNet\DocaLabs.Http.Client.DotNet.csproj", "{B3EE3B7A-05E3-4B0E-9C56-476BE4354EEB}"
	ProjectSection(ProjectDependencies) = postProject
		{1D7D9640-5003-4D20-AA5F-DC373E9C9664} = {1D7D9640-5003-4D20-AA5F-DC373E9C9664}
	EndProjectSection
EndProject
Project("{FAE04EC0-301F-11D3-BF4B-00C04F79EFBC}") = "DocaLabs.Http.Client.Tests", "tests\DocaLabs.Http.Client.Tests\DocaLabs.Http.Client.Tests.csproj", "{39AD9FB5-C1CE-4D32-9253-79F795DC6426}"
EndProject
Project("{FAE04EC0-301F-11D3-BF4B-00C04F79EFBC}") = "DocaLabs.Http.Client.Integration.Tests.DotNet", "tests\DocaLabs.Http.Client.Integration.Tests.DotNet\DocaLabs.Http.Client.Integration.Tests.DotNet.csproj", "{A10951A1-8B5D-4518-93D5-C43476A52B41}"
	ProjectSection(ProjectDependencies) = postProject
		{B3EE3B7A-05E3-4B0E-9C56-476BE4354EEB} = {B3EE3B7A-05E3-4B0E-9C56-476BE4354EEB}
	EndProjectSection
EndProject
Project("{2150E333-8FDC-42A3-9474-1A3956D46DE8}") = "unit", "unit", "{6684DB84-8528-4089-837C-C75247A7FB4B}"
EndProject
Project("{2150E333-8FDC-42A3-9474-1A3956D46DE8}") = "integration", "integration", "{E3B53EEF-D455-4AE4-B1AA-286CA572C279}"
EndProject
Project("{2150E333-8FDC-42A3-9474-1A3956D46DE8}") = "examples", "examples", "{E15F1853-FE85-4A5A-8B12-4B8F1D998CD6}"
EndProject
Project("{FAE04EC0-301F-11D3-BF4B-00C04F79EFBC}") = "DocaLabs.Http.Client.Remote.Integration.Tests.DotNet", "tests\DocaLabs.Http.Client.Remote.Integration.Tests.DotNet\DocaLabs.Http.Client.Remote.Integration.Tests.DotNet.csproj", "{DDAB3D1C-0F71-4E58-8E11-73E1230B0FDB}"
	ProjectSection(ProjectDependencies) = postProject
		{B3EE3B7A-05E3-4B0E-9C56-476BE4354EEB} = {B3EE3B7A-05E3-4B0E-9C56-476BE4354EEB}
	EndProjectSection
EndProject
Project("{2150E333-8FDC-42A3-9474-1A3956D46DE8}") = ".nuget", ".nuget", "{D9B79943-F836-4AC1-9D32-91C52A096C25}"
	ProjectSection(SolutionItems) = preProject
		.nuget\NuGet.Config = .nuget\NuGet.Config
		.nuget\NuGet.exe = .nuget\NuGet.exe
		.nuget\NuGet.targets = .nuget\NuGet.targets
	EndProjectSection
EndProject
Project("{FAE04EC0-301F-11D3-BF4B-00C04F79EFBC}") = "DocaLabs.Http.Client.Tests.MSTest", "tests\DocaLabs.Http.Client.Tests.MSTest\DocaLabs.Http.Client.Tests.MSTest.csproj", "{B0716490-5D1A-40FD-835C-9AA263523B21}"
EndProject
Project("{FAE04EC0-301F-11D3-BF4B-00C04F79EFBC}") = "DocaLabs.Http.Client.JsonSerializer.Tests", "tests\DocaLabs.Http.Client.JsonSerializer.Tests\DocaLabs.Http.Client.JsonSerializer.Tests.csproj", "{C0910D55-CA4A-4F2A-851F-F6FA90D49DD7}"
EndProject
Project("{2150E333-8FDC-42A3-9474-1A3956D46DE8}") = ".solution", ".solution", "{1911919A-FA5C-4D0D-AA53-104662A59933}"
	ProjectSection(SolutionItems) = preProject
		README.md = README.md
	EndProjectSection
EndProject
Project("{FAE04EC0-301F-11D3-BF4B-00C04F79EFBC}") = "DocaLabs.Http.Client", "src\DocaLabs.Http.Client\DocaLabs.Http.Client.csproj", "{82F9423E-89AD-46EF-A347-6549097B8758}"
EndProject
Project("{FAE04EC0-301F-11D3-BF4B-00C04F79EFBC}") = "DocaLabs.Http.Client.Phone", "src\DocaLabs.Http.Client.Phone\DocaLabs.Http.Client.Phone.csproj", "{41DF1459-0344-4A4C-859F-8185540E3D30}"
	ProjectSection(ProjectDependencies) = postProject
		{1D7D9640-5003-4D20-AA5F-DC373E9C9664} = {1D7D9640-5003-4D20-AA5F-DC373E9C9664}
	EndProjectSection
EndProject
Project("{FAE04EC0-301F-11D3-BF4B-00C04F79EFBC}") = "DocaLabs.Http.Client.Store", "src\DocaLabs.Http.Client.Store\DocaLabs.Http.Client.Store.csproj", "{78F3044F-CC76-4B7A-B0C2-27C92F7309FB}"
	ProjectSection(ProjectDependencies) = postProject
		{1D7D9640-5003-4D20-AA5F-DC373E9C9664} = {1D7D9640-5003-4D20-AA5F-DC373E9C9664}
	EndProjectSection
EndProject
Project("{FAE04EC0-301F-11D3-BF4B-00C04F79EFBC}") = "DocsaLabs.Http.Client.Examples", "examples\DocsaLabs.Http.Client.Examples\DocsaLabs.Http.Client.Examples.csproj", "{412AB226-9D40-45A0-A1DF-3B8CE2B5A0CA}"
EndProject
Project("{FAE04EC0-301F-11D3-BF4B-00C04F79EFBC}") = "DocsaLabs.Http.Client.Examples.DotNet", "examples\DocsaLabs.Http.Client.Examples.DotNet\DocsaLabs.Http.Client.Examples.DotNet.csproj", "{2CF77FD4-D4AC-4705-9C01-F04EDD5B64B9}"
	ProjectSection(ProjectDependencies) = postProject
		{B3EE3B7A-05E3-4B0E-9C56-476BE4354EEB} = {B3EE3B7A-05E3-4B0E-9C56-476BE4354EEB}
	EndProjectSection
EndProject
Project("{FAE04EC0-301F-11D3-BF4B-00C04F79EFBC}") = "DocsaLabs.Http.Client.Examples.Phone", "examples\DocsaLabs.Http.Client.Examples.Phone\DocsaLabs.Http.Client.Examples.Phone.csproj", "{87243BE7-4D99-48E1-9C3F-28DCBBDE0B94}"
	ProjectSection(ProjectDependencies) = postProject
		{41DF1459-0344-4A4C-859F-8185540E3D30} = {41DF1459-0344-4A4C-859F-8185540E3D30}
	EndProjectSection
EndProject
Project("{FAE04EC0-301F-11D3-BF4B-00C04F79EFBC}") = "DocsaLabs.Http.Client.Examples.Store", "examples\DocsaLabs.Http.Client.Examples.Store\DocsaLabs.Http.Client.Examples.Store.csproj", "{168DF099-C19D-42DF-AD56-3BA470743335}"
	ProjectSection(ProjectDependencies) = postProject
		{78F3044F-CC76-4B7A-B0C2-27C92F7309FB} = {78F3044F-CC76-4B7A-B0C2-27C92F7309FB}
	EndProjectSection
EndProject
Project("{FAE04EC0-301F-11D3-BF4B-00C04F79EFBC}") = "DocaLabs.Test.Services", "tests\DocaLabs.Test.Services\DocaLabs.Test.Services.csproj", "{35959C60-D8BC-4DAB-84A2-E4EAC181BD9D}"
EndProject
Project("{2150E333-8FDC-42A3-9474-1A3956D46DE8}") = ".certificates", ".certificates", "{A6EB4996-FE40-490B-B3DD-722A65B614D8}"
	ProjectSection(SolutionItems) = preProject
		tests\.certificates\client.pfx = tests\.certificates\client.pfx
		tests\.certificates\commands-to-generate-certificates.txt = tests\.certificates\commands-to-generate-certificates.txt
		tests\.certificates\localhost.pfx = tests\.certificates\localhost.pfx
		tests\.certificates\MyCA.cer = tests\.certificates\MyCA.cer
		tests\.certificates\test-certificate.cer = tests\.certificates\test-certificate.cer
	EndProjectSection
EndProject
Project("{FAE04EC0-301F-11D3-BF4B-00C04F79EFBC}") = "DocaLabs.Test.Utils.DotNet", "tests\DocaLabs.Test.Utils.DotNet\DocaLabs.Test.Utils.DotNet.csproj", "{15C3F3EC-711D-4413-86E7-CDB3F218DD9D}"
EndProject
Project("{FAE04EC0-301F-11D3-BF4B-00C04F79EFBC}") = "DocaLabs.Test.Utils", "tests\DocaLabs.Test.Utils\DocaLabs.Test.Utils.csproj", "{0FDA939D-D0EB-4BAE-9B6A-3B68379B7838}"
EndProject
Project("{FAE04EC0-301F-11D3-BF4B-00C04F79EFBC}") = "DocaLabs.Http.Client.Integration.Tests.Phone", "tests\DocaLabs.Http.Client.Integration.Tests.Phone\DocaLabs.Http.Client.Integration.Tests.Phone.csproj", "{6DB18236-76BE-47EC-B095-14FAA8BEF738}"
	ProjectSection(ProjectDependencies) = postProject
		{B3EE3B7A-05E3-4B0E-9C56-476BE4354EEB} = {B3EE3B7A-05E3-4B0E-9C56-476BE4354EEB}
	EndProjectSection
EndProject
Project("{FAE04EC0-301F-11D3-BF4B-00C04F79EFBC}") = "DocaLabs.Http.Client.Integration.Tests.Store", "tests\DocaLabs.Http.Client.Integration.Tests.Store\DocaLabs.Http.Client.Integration.Tests.Store.csproj", "{830133CE-7D64-4089-ADA9-5CE5E8706290}"
	ProjectSection(ProjectDependencies) = postProject
		{78F3044F-CC76-4B7A-B0C2-27C92F7309FB} = {78F3044F-CC76-4B7A-B0C2-27C92F7309FB}
	EndProjectSection
EndProject
Project("{2150E333-8FDC-42A3-9474-1A3956D46DE8}") = ".portable-code", ".portable-code", "{EF6A4DD6-CF59-4B6E-92F8-3DEF13931D69}"
EndProject
Project("{2150E333-8FDC-42A3-9474-1A3956D46DE8}") = "DocaLabs.Http.Client.Integration.Tests", "DocaLabs.Http.Client.Integration.Tests", "{9124CE42-6310-43BD-8E2A-B267195D661E}"
	ProjectSection(SolutionItems) = preProject
		tests\.portable-code\DocaLabs.Http.Client.Integration.Tests\AsyncHttpClientAgainstServiceStackTests.Portable.cs = tests\.portable-code\DocaLabs.Http.Client.Integration.Tests\AsyncHttpClientAgainstServiceStackTests.Portable.cs
		tests\.portable-code\DocaLabs.Http.Client.Integration.Tests\HttpClientAgainstServiceStackTests.Portable.cs = tests\.portable-code\DocaLabs.Http.Client.Integration.Tests\HttpClientAgainstServiceStackTests.Portable.cs
		tests\.portable-code\DocaLabs.Http.Client.Integration.Tests\HttpClientAgainstWcfTests.Portable.cs = tests\.portable-code\DocaLabs.Http.Client.Integration.Tests\HttpClientAgainstWcfTests.Portable.cs
		tests\.portable-code\DocaLabs.Http.Client.Integration.Tests\ServiceSetup.Portable.cs = tests\.portable-code\DocaLabs.Http.Client.Integration.Tests\ServiceSetup.Portable.cs
		tests\.portable-code\DocaLabs.Http.Client.Integration.Tests\User.Portable.cs = tests\.portable-code\DocaLabs.Http.Client.Integration.Tests\User.Portable.cs
	EndProjectSection
EndProject
Project("{FAE04EC0-301F-11D3-BF4B-00C04F79EFBC}") = "DocaLabs.Http.Client.JsonSerializer", "src\DocaLabs.Http.Client.JsonSerializer\DocaLabs.Http.Client.JsonSerializer.csproj", "{1D7D9640-5003-4D20-AA5F-DC373E9C9664}"
EndProject
Project("{FAE04EC0-301F-11D3-BF4B-00C04F79EFBC}") = "DocaLabs.Test.Services.Proxy", "tests\DocaLabs.Test.Services.Proxy\DocaLabs.Test.Services.Proxy.csproj", "{08E86986-39B5-4561-B430-D8DF2521734B}"
EndProject
Global
	GlobalSection(SolutionConfigurationPlatforms) = preSolution
		Debug|Any CPU = Debug|Any CPU
		Debug|ARM = Debug|ARM
		Debug|Mixed Platforms = Debug|Mixed Platforms
		Debug|x64 = Debug|x64
		Debug|x86 = Debug|x86
		Release|Any CPU = Release|Any CPU
		Release|ARM = Release|ARM
		Release|Mixed Platforms = Release|Mixed Platforms
		Release|x64 = Release|x64
		Release|x86 = Release|x86
	EndGlobalSection
	GlobalSection(ProjectConfigurationPlatforms) = postSolution
		{40A96AE2-C931-4AC1-A38E-5FBB3045216C}.Debug|Any CPU.ActiveCfg = Debug|Any CPU
		{40A96AE2-C931-4AC1-A38E-5FBB3045216C}.Debug|Any CPU.Build.0 = Debug|Any CPU
		{40A96AE2-C931-4AC1-A38E-5FBB3045216C}.Debug|ARM.ActiveCfg = Debug|Any CPU
		{40A96AE2-C931-4AC1-A38E-5FBB3045216C}.Debug|Mixed Platforms.ActiveCfg = Debug|Any CPU
		{40A96AE2-C931-4AC1-A38E-5FBB3045216C}.Debug|Mixed Platforms.Build.0 = Debug|Any CPU
		{40A96AE2-C931-4AC1-A38E-5FBB3045216C}.Debug|x64.ActiveCfg = Debug|Any CPU
		{40A96AE2-C931-4AC1-A38E-5FBB3045216C}.Debug|x86.ActiveCfg = Debug|Any CPU
		{40A96AE2-C931-4AC1-A38E-5FBB3045216C}.Release|Any CPU.ActiveCfg = Release|Any CPU
		{40A96AE2-C931-4AC1-A38E-5FBB3045216C}.Release|Any CPU.Build.0 = Release|Any CPU
		{40A96AE2-C931-4AC1-A38E-5FBB3045216C}.Release|ARM.ActiveCfg = Release|Any CPU
		{40A96AE2-C931-4AC1-A38E-5FBB3045216C}.Release|Mixed Platforms.ActiveCfg = Release|Any CPU
		{40A96AE2-C931-4AC1-A38E-5FBB3045216C}.Release|Mixed Platforms.Build.0 = Release|Any CPU
		{40A96AE2-C931-4AC1-A38E-5FBB3045216C}.Release|x64.ActiveCfg = Release|Any CPU
		{40A96AE2-C931-4AC1-A38E-5FBB3045216C}.Release|x86.ActiveCfg = Release|Any CPU
		{B3EE3B7A-05E3-4B0E-9C56-476BE4354EEB}.Debug|Any CPU.ActiveCfg = Debug|Any CPU
		{B3EE3B7A-05E3-4B0E-9C56-476BE4354EEB}.Debug|Any CPU.Build.0 = Debug|Any CPU
		{B3EE3B7A-05E3-4B0E-9C56-476BE4354EEB}.Debug|ARM.ActiveCfg = Debug|Any CPU
		{B3EE3B7A-05E3-4B0E-9C56-476BE4354EEB}.Debug|Mixed Platforms.ActiveCfg = Debug|Any CPU
		{B3EE3B7A-05E3-4B0E-9C56-476BE4354EEB}.Debug|Mixed Platforms.Build.0 = Debug|Any CPU
		{B3EE3B7A-05E3-4B0E-9C56-476BE4354EEB}.Debug|x64.ActiveCfg = Debug|Any CPU
		{B3EE3B7A-05E3-4B0E-9C56-476BE4354EEB}.Debug|x86.ActiveCfg = Debug|Any CPU
		{B3EE3B7A-05E3-4B0E-9C56-476BE4354EEB}.Release|Any CPU.ActiveCfg = Release|Any CPU
		{B3EE3B7A-05E3-4B0E-9C56-476BE4354EEB}.Release|Any CPU.Build.0 = Release|Any CPU
		{B3EE3B7A-05E3-4B0E-9C56-476BE4354EEB}.Release|ARM.ActiveCfg = Release|Any CPU
		{B3EE3B7A-05E3-4B0E-9C56-476BE4354EEB}.Release|Mixed Platforms.ActiveCfg = Release|Any CPU
		{B3EE3B7A-05E3-4B0E-9C56-476BE4354EEB}.Release|Mixed Platforms.Build.0 = Release|Any CPU
		{B3EE3B7A-05E3-4B0E-9C56-476BE4354EEB}.Release|x64.ActiveCfg = Release|Any CPU
		{B3EE3B7A-05E3-4B0E-9C56-476BE4354EEB}.Release|x86.ActiveCfg = Release|Any CPU
		{39AD9FB5-C1CE-4D32-9253-79F795DC6426}.Debug|Any CPU.ActiveCfg = Debug|Any CPU
		{39AD9FB5-C1CE-4D32-9253-79F795DC6426}.Debug|Any CPU.Build.0 = Debug|Any CPU
		{39AD9FB5-C1CE-4D32-9253-79F795DC6426}.Debug|ARM.ActiveCfg = Debug|Any CPU
		{39AD9FB5-C1CE-4D32-9253-79F795DC6426}.Debug|Mixed Platforms.ActiveCfg = Debug|Any CPU
		{39AD9FB5-C1CE-4D32-9253-79F795DC6426}.Debug|Mixed Platforms.Build.0 = Debug|Any CPU
		{39AD9FB5-C1CE-4D32-9253-79F795DC6426}.Debug|x64.ActiveCfg = Debug|Any CPU
		{39AD9FB5-C1CE-4D32-9253-79F795DC6426}.Debug|x86.ActiveCfg = Debug|Any CPU
		{39AD9FB5-C1CE-4D32-9253-79F795DC6426}.Release|Any CPU.ActiveCfg = Release|Any CPU
		{39AD9FB5-C1CE-4D32-9253-79F795DC6426}.Release|Any CPU.Build.0 = Release|Any CPU
		{39AD9FB5-C1CE-4D32-9253-79F795DC6426}.Release|ARM.ActiveCfg = Release|Any CPU
		{39AD9FB5-C1CE-4D32-9253-79F795DC6426}.Release|Mixed Platforms.ActiveCfg = Release|Any CPU
		{39AD9FB5-C1CE-4D32-9253-79F795DC6426}.Release|Mixed Platforms.Build.0 = Release|Any CPU
		{39AD9FB5-C1CE-4D32-9253-79F795DC6426}.Release|x64.ActiveCfg = Release|Any CPU
		{39AD9FB5-C1CE-4D32-9253-79F795DC6426}.Release|x86.ActiveCfg = Release|Any CPU
		{A10951A1-8B5D-4518-93D5-C43476A52B41}.Debug|Any CPU.ActiveCfg = Debug|Any CPU
		{A10951A1-8B5D-4518-93D5-C43476A52B41}.Debug|Any CPU.Build.0 = Debug|Any CPU
		{A10951A1-8B5D-4518-93D5-C43476A52B41}.Debug|ARM.ActiveCfg = Debug|Any CPU
		{A10951A1-8B5D-4518-93D5-C43476A52B41}.Debug|Mixed Platforms.ActiveCfg = Debug|Any CPU
		{A10951A1-8B5D-4518-93D5-C43476A52B41}.Debug|Mixed Platforms.Build.0 = Debug|Any CPU
		{A10951A1-8B5D-4518-93D5-C43476A52B41}.Debug|x64.ActiveCfg = Debug|Any CPU
		{A10951A1-8B5D-4518-93D5-C43476A52B41}.Debug|x86.ActiveCfg = Debug|Any CPU
		{A10951A1-8B5D-4518-93D5-C43476A52B41}.Release|Any CPU.ActiveCfg = Release|Any CPU
		{A10951A1-8B5D-4518-93D5-C43476A52B41}.Release|Any CPU.Build.0 = Release|Any CPU
		{A10951A1-8B5D-4518-93D5-C43476A52B41}.Release|ARM.ActiveCfg = Release|Any CPU
		{A10951A1-8B5D-4518-93D5-C43476A52B41}.Release|Mixed Platforms.ActiveCfg = Release|Any CPU
		{A10951A1-8B5D-4518-93D5-C43476A52B41}.Release|Mixed Platforms.Build.0 = Release|Any CPU
		{A10951A1-8B5D-4518-93D5-C43476A52B41}.Release|x64.ActiveCfg = Release|Any CPU
		{A10951A1-8B5D-4518-93D5-C43476A52B41}.Release|x86.ActiveCfg = Release|Any CPU
		{DDAB3D1C-0F71-4E58-8E11-73E1230B0FDB}.Debug|Any CPU.ActiveCfg = Debug|Any CPU
		{DDAB3D1C-0F71-4E58-8E11-73E1230B0FDB}.Debug|Any CPU.Build.0 = Debug|Any CPU
		{DDAB3D1C-0F71-4E58-8E11-73E1230B0FDB}.Debug|ARM.ActiveCfg = Debug|Any CPU
		{DDAB3D1C-0F71-4E58-8E11-73E1230B0FDB}.Debug|Mixed Platforms.ActiveCfg = Debug|Any CPU
		{DDAB3D1C-0F71-4E58-8E11-73E1230B0FDB}.Debug|Mixed Platforms.Build.0 = Debug|Any CPU
		{DDAB3D1C-0F71-4E58-8E11-73E1230B0FDB}.Debug|x64.ActiveCfg = Debug|Any CPU
		{DDAB3D1C-0F71-4E58-8E11-73E1230B0FDB}.Debug|x86.ActiveCfg = Debug|Any CPU
		{DDAB3D1C-0F71-4E58-8E11-73E1230B0FDB}.Release|Any CPU.ActiveCfg = Release|Any CPU
		{DDAB3D1C-0F71-4E58-8E11-73E1230B0FDB}.Release|Any CPU.Build.0 = Release|Any CPU
		{DDAB3D1C-0F71-4E58-8E11-73E1230B0FDB}.Release|ARM.ActiveCfg = Release|Any CPU
		{DDAB3D1C-0F71-4E58-8E11-73E1230B0FDB}.Release|Mixed Platforms.ActiveCfg = Release|Any CPU
		{DDAB3D1C-0F71-4E58-8E11-73E1230B0FDB}.Release|Mixed Platforms.Build.0 = Release|Any CPU
		{DDAB3D1C-0F71-4E58-8E11-73E1230B0FDB}.Release|x64.ActiveCfg = Release|Any CPU
		{DDAB3D1C-0F71-4E58-8E11-73E1230B0FDB}.Release|x86.ActiveCfg = Release|Any CPU
		{B0716490-5D1A-40FD-835C-9AA263523B21}.Debug|Any CPU.ActiveCfg = Debug|Any CPU
		{B0716490-5D1A-40FD-835C-9AA263523B21}.Debug|Any CPU.Build.0 = Debug|Any CPU
		{B0716490-5D1A-40FD-835C-9AA263523B21}.Debug|ARM.ActiveCfg = Debug|Any CPU
		{B0716490-5D1A-40FD-835C-9AA263523B21}.Debug|Mixed Platforms.ActiveCfg = Debug|Any CPU
		{B0716490-5D1A-40FD-835C-9AA263523B21}.Debug|Mixed Platforms.Build.0 = Debug|Any CPU
		{B0716490-5D1A-40FD-835C-9AA263523B21}.Debug|x64.ActiveCfg = Debug|Any CPU
		{B0716490-5D1A-40FD-835C-9AA263523B21}.Debug|x86.ActiveCfg = Debug|Any CPU
		{B0716490-5D1A-40FD-835C-9AA263523B21}.Release|Any CPU.ActiveCfg = Release|Any CPU
		{B0716490-5D1A-40FD-835C-9AA263523B21}.Release|Any CPU.Build.0 = Release|Any CPU
		{B0716490-5D1A-40FD-835C-9AA263523B21}.Release|ARM.ActiveCfg = Release|Any CPU
		{B0716490-5D1A-40FD-835C-9AA263523B21}.Release|Mixed Platforms.ActiveCfg = Release|Any CPU
		{B0716490-5D1A-40FD-835C-9AA263523B21}.Release|Mixed Platforms.Build.0 = Release|Any CPU
		{B0716490-5D1A-40FD-835C-9AA263523B21}.Release|x64.ActiveCfg = Release|Any CPU
		{B0716490-5D1A-40FD-835C-9AA263523B21}.Release|x86.ActiveCfg = Release|Any CPU
		{C0910D55-CA4A-4F2A-851F-F6FA90D49DD7}.Debug|Any CPU.ActiveCfg = Debug|Any CPU
		{C0910D55-CA4A-4F2A-851F-F6FA90D49DD7}.Debug|Any CPU.Build.0 = Debug|Any CPU
		{C0910D55-CA4A-4F2A-851F-F6FA90D49DD7}.Debug|ARM.ActiveCfg = Debug|Any CPU
		{C0910D55-CA4A-4F2A-851F-F6FA90D49DD7}.Debug|Mixed Platforms.ActiveCfg = Debug|Any CPU
		{C0910D55-CA4A-4F2A-851F-F6FA90D49DD7}.Debug|Mixed Platforms.Build.0 = Debug|Any CPU
		{C0910D55-CA4A-4F2A-851F-F6FA90D49DD7}.Debug|x64.ActiveCfg = Debug|Any CPU
		{C0910D55-CA4A-4F2A-851F-F6FA90D49DD7}.Debug|x86.ActiveCfg = Debug|Any CPU
		{C0910D55-CA4A-4F2A-851F-F6FA90D49DD7}.Release|Any CPU.ActiveCfg = Release|Any CPU
		{C0910D55-CA4A-4F2A-851F-F6FA90D49DD7}.Release|Any CPU.Build.0 = Release|Any CPU
		{C0910D55-CA4A-4F2A-851F-F6FA90D49DD7}.Release|ARM.ActiveCfg = Release|Any CPU
		{C0910D55-CA4A-4F2A-851F-F6FA90D49DD7}.Release|Mixed Platforms.ActiveCfg = Release|Any CPU
		{C0910D55-CA4A-4F2A-851F-F6FA90D49DD7}.Release|Mixed Platforms.Build.0 = Release|Any CPU
		{C0910D55-CA4A-4F2A-851F-F6FA90D49DD7}.Release|x64.ActiveCfg = Release|Any CPU
		{C0910D55-CA4A-4F2A-851F-F6FA90D49DD7}.Release|x86.ActiveCfg = Release|Any CPU
		{82F9423E-89AD-46EF-A347-6549097B8758}.Debug|Any CPU.ActiveCfg = Debug|Any CPU
		{82F9423E-89AD-46EF-A347-6549097B8758}.Debug|Any CPU.Build.0 = Debug|Any CPU
		{82F9423E-89AD-46EF-A347-6549097B8758}.Debug|ARM.ActiveCfg = Debug|Any CPU
		{82F9423E-89AD-46EF-A347-6549097B8758}.Debug|Mixed Platforms.ActiveCfg = Debug|Any CPU
		{82F9423E-89AD-46EF-A347-6549097B8758}.Debug|Mixed Platforms.Build.0 = Debug|Any CPU
		{82F9423E-89AD-46EF-A347-6549097B8758}.Debug|x64.ActiveCfg = Debug|Any CPU
		{82F9423E-89AD-46EF-A347-6549097B8758}.Debug|x86.ActiveCfg = Debug|Any CPU
		{82F9423E-89AD-46EF-A347-6549097B8758}.Release|Any CPU.ActiveCfg = Release|Any CPU
		{82F9423E-89AD-46EF-A347-6549097B8758}.Release|Any CPU.Build.0 = Release|Any CPU
		{82F9423E-89AD-46EF-A347-6549097B8758}.Release|ARM.ActiveCfg = Release|Any CPU
		{82F9423E-89AD-46EF-A347-6549097B8758}.Release|Mixed Platforms.ActiveCfg = Release|Any CPU
		{82F9423E-89AD-46EF-A347-6549097B8758}.Release|Mixed Platforms.Build.0 = Release|Any CPU
		{82F9423E-89AD-46EF-A347-6549097B8758}.Release|x64.ActiveCfg = Release|Any CPU
		{82F9423E-89AD-46EF-A347-6549097B8758}.Release|x86.ActiveCfg = Release|Any CPU
		{41DF1459-0344-4A4C-859F-8185540E3D30}.Debug|Any CPU.ActiveCfg = Debug|Any CPU
		{41DF1459-0344-4A4C-859F-8185540E3D30}.Debug|Any CPU.Build.0 = Debug|Any CPU
		{41DF1459-0344-4A4C-859F-8185540E3D30}.Debug|ARM.ActiveCfg = Debug|ARM
		{41DF1459-0344-4A4C-859F-8185540E3D30}.Debug|ARM.Build.0 = Debug|ARM
		{41DF1459-0344-4A4C-859F-8185540E3D30}.Debug|Mixed Platforms.ActiveCfg = Debug|x86
		{41DF1459-0344-4A4C-859F-8185540E3D30}.Debug|Mixed Platforms.Build.0 = Debug|x86
		{41DF1459-0344-4A4C-859F-8185540E3D30}.Debug|x64.ActiveCfg = Debug|Any CPU
		{41DF1459-0344-4A4C-859F-8185540E3D30}.Debug|x86.ActiveCfg = Debug|x86
		{41DF1459-0344-4A4C-859F-8185540E3D30}.Debug|x86.Build.0 = Debug|x86
		{41DF1459-0344-4A4C-859F-8185540E3D30}.Release|Any CPU.ActiveCfg = Release|Any CPU
		{41DF1459-0344-4A4C-859F-8185540E3D30}.Release|Any CPU.Build.0 = Release|Any CPU
		{41DF1459-0344-4A4C-859F-8185540E3D30}.Release|ARM.ActiveCfg = Release|ARM
		{41DF1459-0344-4A4C-859F-8185540E3D30}.Release|ARM.Build.0 = Release|ARM
		{41DF1459-0344-4A4C-859F-8185540E3D30}.Release|Mixed Platforms.ActiveCfg = Release|x86
		{41DF1459-0344-4A4C-859F-8185540E3D30}.Release|Mixed Platforms.Build.0 = Release|x86
		{41DF1459-0344-4A4C-859F-8185540E3D30}.Release|x64.ActiveCfg = Release|Any CPU
		{41DF1459-0344-4A4C-859F-8185540E3D30}.Release|x86.ActiveCfg = Release|x86
		{41DF1459-0344-4A4C-859F-8185540E3D30}.Release|x86.Build.0 = Release|x86
		{78F3044F-CC76-4B7A-B0C2-27C92F7309FB}.Debug|Any CPU.ActiveCfg = Debug|Any CPU
		{78F3044F-CC76-4B7A-B0C2-27C92F7309FB}.Debug|Any CPU.Build.0 = Debug|Any CPU
		{78F3044F-CC76-4B7A-B0C2-27C92F7309FB}.Debug|ARM.ActiveCfg = Debug|ARM
		{78F3044F-CC76-4B7A-B0C2-27C92F7309FB}.Debug|ARM.Build.0 = Debug|ARM
		{78F3044F-CC76-4B7A-B0C2-27C92F7309FB}.Debug|Mixed Platforms.ActiveCfg = Debug|x86
		{78F3044F-CC76-4B7A-B0C2-27C92F7309FB}.Debug|Mixed Platforms.Build.0 = Debug|x86
		{78F3044F-CC76-4B7A-B0C2-27C92F7309FB}.Debug|x64.ActiveCfg = Debug|x64
		{78F3044F-CC76-4B7A-B0C2-27C92F7309FB}.Debug|x64.Build.0 = Debug|x64
		{78F3044F-CC76-4B7A-B0C2-27C92F7309FB}.Debug|x86.ActiveCfg = Debug|x86
		{78F3044F-CC76-4B7A-B0C2-27C92F7309FB}.Debug|x86.Build.0 = Debug|x86
		{78F3044F-CC76-4B7A-B0C2-27C92F7309FB}.Release|Any CPU.ActiveCfg = Release|Any CPU
		{78F3044F-CC76-4B7A-B0C2-27C92F7309FB}.Release|Any CPU.Build.0 = Release|Any CPU
		{78F3044F-CC76-4B7A-B0C2-27C92F7309FB}.Release|ARM.ActiveCfg = Release|ARM
		{78F3044F-CC76-4B7A-B0C2-27C92F7309FB}.Release|ARM.Build.0 = Release|ARM
		{78F3044F-CC76-4B7A-B0C2-27C92F7309FB}.Release|Mixed Platforms.ActiveCfg = Release|x86
		{78F3044F-CC76-4B7A-B0C2-27C92F7309FB}.Release|Mixed Platforms.Build.0 = Release|x86
		{78F3044F-CC76-4B7A-B0C2-27C92F7309FB}.Release|x64.ActiveCfg = Release|x64
		{78F3044F-CC76-4B7A-B0C2-27C92F7309FB}.Release|x64.Build.0 = Release|x64
		{78F3044F-CC76-4B7A-B0C2-27C92F7309FB}.Release|x86.ActiveCfg = Release|x86
		{78F3044F-CC76-4B7A-B0C2-27C92F7309FB}.Release|x86.Build.0 = Release|x86
		{412AB226-9D40-45A0-A1DF-3B8CE2B5A0CA}.Debug|Any CPU.ActiveCfg = Debug|Any CPU
		{412AB226-9D40-45A0-A1DF-3B8CE2B5A0CA}.Debug|Any CPU.Build.0 = Debug|Any CPU
		{412AB226-9D40-45A0-A1DF-3B8CE2B5A0CA}.Debug|ARM.ActiveCfg = Debug|Any CPU
		{412AB226-9D40-45A0-A1DF-3B8CE2B5A0CA}.Debug|Mixed Platforms.ActiveCfg = Debug|Any CPU
		{412AB226-9D40-45A0-A1DF-3B8CE2B5A0CA}.Debug|Mixed Platforms.Build.0 = Debug|Any CPU
		{412AB226-9D40-45A0-A1DF-3B8CE2B5A0CA}.Debug|x64.ActiveCfg = Debug|Any CPU
		{412AB226-9D40-45A0-A1DF-3B8CE2B5A0CA}.Debug|x86.ActiveCfg = Debug|Any CPU
		{412AB226-9D40-45A0-A1DF-3B8CE2B5A0CA}.Release|Any CPU.ActiveCfg = Release|Any CPU
		{412AB226-9D40-45A0-A1DF-3B8CE2B5A0CA}.Release|Any CPU.Build.0 = Release|Any CPU
		{412AB226-9D40-45A0-A1DF-3B8CE2B5A0CA}.Release|ARM.ActiveCfg = Release|Any CPU
		{412AB226-9D40-45A0-A1DF-3B8CE2B5A0CA}.Release|Mixed Platforms.ActiveCfg = Release|Any CPU
		{412AB226-9D40-45A0-A1DF-3B8CE2B5A0CA}.Release|Mixed Platforms.Build.0 = Release|Any CPU
		{412AB226-9D40-45A0-A1DF-3B8CE2B5A0CA}.Release|x64.ActiveCfg = Release|Any CPU
		{412AB226-9D40-45A0-A1DF-3B8CE2B5A0CA}.Release|x86.ActiveCfg = Release|Any CPU
		{2CF77FD4-D4AC-4705-9C01-F04EDD5B64B9}.Debug|Any CPU.ActiveCfg = Debug|Any CPU
		{2CF77FD4-D4AC-4705-9C01-F04EDD5B64B9}.Debug|Any CPU.Build.0 = Debug|Any CPU
		{2CF77FD4-D4AC-4705-9C01-F04EDD5B64B9}.Debug|ARM.ActiveCfg = Debug|Any CPU
		{2CF77FD4-D4AC-4705-9C01-F04EDD5B64B9}.Debug|Mixed Platforms.ActiveCfg = Debug|Any CPU
		{2CF77FD4-D4AC-4705-9C01-F04EDD5B64B9}.Debug|Mixed Platforms.Build.0 = Debug|Any CPU
		{2CF77FD4-D4AC-4705-9C01-F04EDD5B64B9}.Debug|x64.ActiveCfg = Debug|Any CPU
		{2CF77FD4-D4AC-4705-9C01-F04EDD5B64B9}.Debug|x86.ActiveCfg = Debug|Any CPU
		{2CF77FD4-D4AC-4705-9C01-F04EDD5B64B9}.Release|Any CPU.ActiveCfg = Release|Any CPU
		{2CF77FD4-D4AC-4705-9C01-F04EDD5B64B9}.Release|Any CPU.Build.0 = Release|Any CPU
		{2CF77FD4-D4AC-4705-9C01-F04EDD5B64B9}.Release|ARM.ActiveCfg = Release|Any CPU
		{2CF77FD4-D4AC-4705-9C01-F04EDD5B64B9}.Release|Mixed Platforms.ActiveCfg = Release|Any CPU
		{2CF77FD4-D4AC-4705-9C01-F04EDD5B64B9}.Release|Mixed Platforms.Build.0 = Release|Any CPU
		{2CF77FD4-D4AC-4705-9C01-F04EDD5B64B9}.Release|x64.ActiveCfg = Release|Any CPU
		{2CF77FD4-D4AC-4705-9C01-F04EDD5B64B9}.Release|x86.ActiveCfg = Release|Any CPU
		{87243BE7-4D99-48E1-9C3F-28DCBBDE0B94}.Debug|Any CPU.ActiveCfg = Debug|Any CPU
		{87243BE7-4D99-48E1-9C3F-28DCBBDE0B94}.Debug|Any CPU.Build.0 = Debug|Any CPU
		{87243BE7-4D99-48E1-9C3F-28DCBBDE0B94}.Debug|Any CPU.Deploy.0 = Debug|Any CPU
		{87243BE7-4D99-48E1-9C3F-28DCBBDE0B94}.Debug|ARM.ActiveCfg = Debug|ARM
		{87243BE7-4D99-48E1-9C3F-28DCBBDE0B94}.Debug|ARM.Build.0 = Debug|ARM
		{87243BE7-4D99-48E1-9C3F-28DCBBDE0B94}.Debug|ARM.Deploy.0 = Debug|ARM
		{87243BE7-4D99-48E1-9C3F-28DCBBDE0B94}.Debug|Mixed Platforms.ActiveCfg = Debug|x86
		{87243BE7-4D99-48E1-9C3F-28DCBBDE0B94}.Debug|Mixed Platforms.Build.0 = Debug|x86
		{87243BE7-4D99-48E1-9C3F-28DCBBDE0B94}.Debug|Mixed Platforms.Deploy.0 = Debug|x86
		{87243BE7-4D99-48E1-9C3F-28DCBBDE0B94}.Debug|x64.ActiveCfg = Debug|Any CPU
		{87243BE7-4D99-48E1-9C3F-28DCBBDE0B94}.Debug|x86.ActiveCfg = Debug|x86
		{87243BE7-4D99-48E1-9C3F-28DCBBDE0B94}.Debug|x86.Build.0 = Debug|x86
		{87243BE7-4D99-48E1-9C3F-28DCBBDE0B94}.Debug|x86.Deploy.0 = Debug|x86
		{87243BE7-4D99-48E1-9C3F-28DCBBDE0B94}.Release|Any CPU.ActiveCfg = Release|Any CPU
		{87243BE7-4D99-48E1-9C3F-28DCBBDE0B94}.Release|Any CPU.Build.0 = Release|Any CPU
		{87243BE7-4D99-48E1-9C3F-28DCBBDE0B94}.Release|Any CPU.Deploy.0 = Release|Any CPU
		{87243BE7-4D99-48E1-9C3F-28DCBBDE0B94}.Release|ARM.ActiveCfg = Release|ARM
		{87243BE7-4D99-48E1-9C3F-28DCBBDE0B94}.Release|ARM.Build.0 = Release|ARM
		{87243BE7-4D99-48E1-9C3F-28DCBBDE0B94}.Release|ARM.Deploy.0 = Release|ARM
		{87243BE7-4D99-48E1-9C3F-28DCBBDE0B94}.Release|Mixed Platforms.ActiveCfg = Release|x86
		{87243BE7-4D99-48E1-9C3F-28DCBBDE0B94}.Release|Mixed Platforms.Build.0 = Release|x86
		{87243BE7-4D99-48E1-9C3F-28DCBBDE0B94}.Release|Mixed Platforms.Deploy.0 = Release|x86
		{87243BE7-4D99-48E1-9C3F-28DCBBDE0B94}.Release|x64.ActiveCfg = Release|Any CPU
		{87243BE7-4D99-48E1-9C3F-28DCBBDE0B94}.Release|x86.ActiveCfg = Release|x86
		{87243BE7-4D99-48E1-9C3F-28DCBBDE0B94}.Release|x86.Build.0 = Release|x86
		{87243BE7-4D99-48E1-9C3F-28DCBBDE0B94}.Release|x86.Deploy.0 = Release|x86
		{168DF099-C19D-42DF-AD56-3BA470743335}.Debug|Any CPU.ActiveCfg = Debug|Any CPU
		{168DF099-C19D-42DF-AD56-3BA470743335}.Debug|Any CPU.Build.0 = Debug|Any CPU
		{168DF099-C19D-42DF-AD56-3BA470743335}.Debug|Any CPU.Deploy.0 = Debug|Any CPU
		{168DF099-C19D-42DF-AD56-3BA470743335}.Debug|ARM.ActiveCfg = Debug|ARM
		{168DF099-C19D-42DF-AD56-3BA470743335}.Debug|ARM.Build.0 = Debug|ARM
		{168DF099-C19D-42DF-AD56-3BA470743335}.Debug|ARM.Deploy.0 = Debug|ARM
		{168DF099-C19D-42DF-AD56-3BA470743335}.Debug|Mixed Platforms.ActiveCfg = Debug|x86
		{168DF099-C19D-42DF-AD56-3BA470743335}.Debug|Mixed Platforms.Build.0 = Debug|x86
		{168DF099-C19D-42DF-AD56-3BA470743335}.Debug|Mixed Platforms.Deploy.0 = Debug|x86
		{168DF099-C19D-42DF-AD56-3BA470743335}.Debug|x64.ActiveCfg = Debug|x64
		{168DF099-C19D-42DF-AD56-3BA470743335}.Debug|x64.Build.0 = Debug|x64
		{168DF099-C19D-42DF-AD56-3BA470743335}.Debug|x64.Deploy.0 = Debug|x64
		{168DF099-C19D-42DF-AD56-3BA470743335}.Debug|x86.ActiveCfg = Debug|x86
		{168DF099-C19D-42DF-AD56-3BA470743335}.Debug|x86.Build.0 = Debug|x86
		{168DF099-C19D-42DF-AD56-3BA470743335}.Debug|x86.Deploy.0 = Debug|x86
		{168DF099-C19D-42DF-AD56-3BA470743335}.Release|Any CPU.ActiveCfg = Release|Any CPU
		{168DF099-C19D-42DF-AD56-3BA470743335}.Release|Any CPU.Build.0 = Release|Any CPU
		{168DF099-C19D-42DF-AD56-3BA470743335}.Release|Any CPU.Deploy.0 = Release|Any CPU
		{168DF099-C19D-42DF-AD56-3BA470743335}.Release|ARM.ActiveCfg = Release|ARM
		{168DF099-C19D-42DF-AD56-3BA470743335}.Release|ARM.Build.0 = Release|ARM
		{168DF099-C19D-42DF-AD56-3BA470743335}.Release|ARM.Deploy.0 = Release|ARM
		{168DF099-C19D-42DF-AD56-3BA470743335}.Release|Mixed Platforms.ActiveCfg = Release|x86
		{168DF099-C19D-42DF-AD56-3BA470743335}.Release|Mixed Platforms.Build.0 = Release|x86
		{168DF099-C19D-42DF-AD56-3BA470743335}.Release|Mixed Platforms.Deploy.0 = Release|x86
		{168DF099-C19D-42DF-AD56-3BA470743335}.Release|x64.ActiveCfg = Release|x64
		{168DF099-C19D-42DF-AD56-3BA470743335}.Release|x64.Build.0 = Release|x64
		{168DF099-C19D-42DF-AD56-3BA470743335}.Release|x64.Deploy.0 = Release|x64
		{168DF099-C19D-42DF-AD56-3BA470743335}.Release|x86.ActiveCfg = Release|x86
		{168DF099-C19D-42DF-AD56-3BA470743335}.Release|x86.Build.0 = Release|x86
		{168DF099-C19D-42DF-AD56-3BA470743335}.Release|x86.Deploy.0 = Release|x86
		{35959C60-D8BC-4DAB-84A2-E4EAC181BD9D}.Debug|Any CPU.ActiveCfg = Debug|Any CPU
		{35959C60-D8BC-4DAB-84A2-E4EAC181BD9D}.Debug|Any CPU.Build.0 = Debug|Any CPU
		{35959C60-D8BC-4DAB-84A2-E4EAC181BD9D}.Debug|ARM.ActiveCfg = Debug|Any CPU
		{35959C60-D8BC-4DAB-84A2-E4EAC181BD9D}.Debug|Mixed Platforms.ActiveCfg = Debug|Any CPU
		{35959C60-D8BC-4DAB-84A2-E4EAC181BD9D}.Debug|Mixed Platforms.Build.0 = Debug|Any CPU
		{35959C60-D8BC-4DAB-84A2-E4EAC181BD9D}.Debug|x64.ActiveCfg = Debug|Any CPU
		{35959C60-D8BC-4DAB-84A2-E4EAC181BD9D}.Debug|x86.ActiveCfg = Debug|Any CPU
		{35959C60-D8BC-4DAB-84A2-E4EAC181BD9D}.Release|Any CPU.ActiveCfg = Release|Any CPU
		{35959C60-D8BC-4DAB-84A2-E4EAC181BD9D}.Release|Any CPU.Build.0 = Release|Any CPU
		{35959C60-D8BC-4DAB-84A2-E4EAC181BD9D}.Release|ARM.ActiveCfg = Release|Any CPU
		{35959C60-D8BC-4DAB-84A2-E4EAC181BD9D}.Release|Mixed Platforms.ActiveCfg = Release|Any CPU
		{35959C60-D8BC-4DAB-84A2-E4EAC181BD9D}.Release|Mixed Platforms.Build.0 = Release|Any CPU
		{35959C60-D8BC-4DAB-84A2-E4EAC181BD9D}.Release|x64.ActiveCfg = Release|Any CPU
		{35959C60-D8BC-4DAB-84A2-E4EAC181BD9D}.Release|x86.ActiveCfg = Release|Any CPU
		{15C3F3EC-711D-4413-86E7-CDB3F218DD9D}.Debug|Any CPU.ActiveCfg = Debug|Any CPU
		{15C3F3EC-711D-4413-86E7-CDB3F218DD9D}.Debug|Any CPU.Build.0 = Debug|Any CPU
		{15C3F3EC-711D-4413-86E7-CDB3F218DD9D}.Debug|ARM.ActiveCfg = Debug|Any CPU
		{15C3F3EC-711D-4413-86E7-CDB3F218DD9D}.Debug|Mixed Platforms.ActiveCfg = Debug|Any CPU
		{15C3F3EC-711D-4413-86E7-CDB3F218DD9D}.Debug|Mixed Platforms.Build.0 = Debug|Any CPU
		{15C3F3EC-711D-4413-86E7-CDB3F218DD9D}.Debug|x64.ActiveCfg = Debug|Any CPU
		{15C3F3EC-711D-4413-86E7-CDB3F218DD9D}.Debug|x86.ActiveCfg = Debug|Any CPU
		{15C3F3EC-711D-4413-86E7-CDB3F218DD9D}.Release|Any CPU.ActiveCfg = Release|Any CPU
		{15C3F3EC-711D-4413-86E7-CDB3F218DD9D}.Release|Any CPU.Build.0 = Release|Any CPU
		{15C3F3EC-711D-4413-86E7-CDB3F218DD9D}.Release|ARM.ActiveCfg = Release|Any CPU
		{15C3F3EC-711D-4413-86E7-CDB3F218DD9D}.Release|Mixed Platforms.ActiveCfg = Release|Any CPU
		{15C3F3EC-711D-4413-86E7-CDB3F218DD9D}.Release|Mixed Platforms.Build.0 = Release|Any CPU
		{15C3F3EC-711D-4413-86E7-CDB3F218DD9D}.Release|x64.ActiveCfg = Release|Any CPU
		{15C3F3EC-711D-4413-86E7-CDB3F218DD9D}.Release|x86.ActiveCfg = Release|Any CPU
		{0FDA939D-D0EB-4BAE-9B6A-3B68379B7838}.Debug|Any CPU.ActiveCfg = Debug|Any CPU
		{0FDA939D-D0EB-4BAE-9B6A-3B68379B7838}.Debug|Any CPU.Build.0 = Debug|Any CPU
		{0FDA939D-D0EB-4BAE-9B6A-3B68379B7838}.Debug|ARM.ActiveCfg = Debug|Any CPU
		{0FDA939D-D0EB-4BAE-9B6A-3B68379B7838}.Debug|Mixed Platforms.ActiveCfg = Debug|Any CPU
		{0FDA939D-D0EB-4BAE-9B6A-3B68379B7838}.Debug|Mixed Platforms.Build.0 = Debug|Any CPU
		{0FDA939D-D0EB-4BAE-9B6A-3B68379B7838}.Debug|x64.ActiveCfg = Debug|Any CPU
		{0FDA939D-D0EB-4BAE-9B6A-3B68379B7838}.Debug|x86.ActiveCfg = Debug|Any CPU
		{0FDA939D-D0EB-4BAE-9B6A-3B68379B7838}.Release|Any CPU.ActiveCfg = Release|Any CPU
		{0FDA939D-D0EB-4BAE-9B6A-3B68379B7838}.Release|Any CPU.Build.0 = Release|Any CPU
		{0FDA939D-D0EB-4BAE-9B6A-3B68379B7838}.Release|ARM.ActiveCfg = Release|Any CPU
		{0FDA939D-D0EB-4BAE-9B6A-3B68379B7838}.Release|Mixed Platforms.ActiveCfg = Release|Any CPU
		{0FDA939D-D0EB-4BAE-9B6A-3B68379B7838}.Release|Mixed Platforms.Build.0 = Release|Any CPU
		{0FDA939D-D0EB-4BAE-9B6A-3B68379B7838}.Release|x64.ActiveCfg = Release|Any CPU
		{0FDA939D-D0EB-4BAE-9B6A-3B68379B7838}.Release|x86.ActiveCfg = Release|Any CPU
		{6DB18236-76BE-47EC-B095-14FAA8BEF738}.Debug|Any CPU.ActiveCfg = Debug|x86
		{6DB18236-76BE-47EC-B095-14FAA8BEF738}.Debug|ARM.ActiveCfg = Debug|ARM
		{6DB18236-76BE-47EC-B095-14FAA8BEF738}.Debug|ARM.Build.0 = Debug|ARM
		{6DB18236-76BE-47EC-B095-14FAA8BEF738}.Debug|ARM.Deploy.0 = Debug|ARM
		{6DB18236-76BE-47EC-B095-14FAA8BEF738}.Debug|Mixed Platforms.ActiveCfg = Debug|x86
		{6DB18236-76BE-47EC-B095-14FAA8BEF738}.Debug|Mixed Platforms.Build.0 = Debug|x86
		{6DB18236-76BE-47EC-B095-14FAA8BEF738}.Debug|Mixed Platforms.Deploy.0 = Debug|x86
		{6DB18236-76BE-47EC-B095-14FAA8BEF738}.Debug|x64.ActiveCfg = Debug|x86
		{6DB18236-76BE-47EC-B095-14FAA8BEF738}.Debug|x86.ActiveCfg = Debug|x86
		{6DB18236-76BE-47EC-B095-14FAA8BEF738}.Debug|x86.Build.0 = Debug|x86
		{6DB18236-76BE-47EC-B095-14FAA8BEF738}.Debug|x86.Deploy.0 = Debug|x86
		{6DB18236-76BE-47EC-B095-14FAA8BEF738}.Release|Any CPU.ActiveCfg = Release|x86
		{6DB18236-76BE-47EC-B095-14FAA8BEF738}.Release|ARM.ActiveCfg = Release|ARM
		{6DB18236-76BE-47EC-B095-14FAA8BEF738}.Release|ARM.Build.0 = Release|ARM
		{6DB18236-76BE-47EC-B095-14FAA8BEF738}.Release|ARM.Deploy.0 = Release|ARM
		{6DB18236-76BE-47EC-B095-14FAA8BEF738}.Release|Mixed Platforms.ActiveCfg = Release|x86
		{6DB18236-76BE-47EC-B095-14FAA8BEF738}.Release|Mixed Platforms.Build.0 = Release|x86
		{6DB18236-76BE-47EC-B095-14FAA8BEF738}.Release|Mixed Platforms.Deploy.0 = Release|x86
		{6DB18236-76BE-47EC-B095-14FAA8BEF738}.Release|x64.ActiveCfg = Release|x86
		{6DB18236-76BE-47EC-B095-14FAA8BEF738}.Release|x86.ActiveCfg = Release|x86
		{6DB18236-76BE-47EC-B095-14FAA8BEF738}.Release|x86.Build.0 = Release|x86
		{6DB18236-76BE-47EC-B095-14FAA8BEF738}.Release|x86.Deploy.0 = Release|x86
		{830133CE-7D64-4089-ADA9-5CE5E8706290}.Debug|Any CPU.ActiveCfg = Debug|Any CPU
		{830133CE-7D64-4089-ADA9-5CE5E8706290}.Debug|Any CPU.Build.0 = Debug|Any CPU
		{830133CE-7D64-4089-ADA9-5CE5E8706290}.Debug|Any CPU.Deploy.0 = Debug|Any CPU
		{830133CE-7D64-4089-ADA9-5CE5E8706290}.Debug|ARM.ActiveCfg = Debug|ARM
		{830133CE-7D64-4089-ADA9-5CE5E8706290}.Debug|ARM.Build.0 = Debug|ARM
		{830133CE-7D64-4089-ADA9-5CE5E8706290}.Debug|ARM.Deploy.0 = Debug|ARM
		{830133CE-7D64-4089-ADA9-5CE5E8706290}.Debug|Mixed Platforms.ActiveCfg = Debug|x86
		{830133CE-7D64-4089-ADA9-5CE5E8706290}.Debug|Mixed Platforms.Build.0 = Debug|x86
		{830133CE-7D64-4089-ADA9-5CE5E8706290}.Debug|Mixed Platforms.Deploy.0 = Debug|x86
		{830133CE-7D64-4089-ADA9-5CE5E8706290}.Debug|x64.ActiveCfg = Debug|x64
		{830133CE-7D64-4089-ADA9-5CE5E8706290}.Debug|x64.Build.0 = Debug|x64
		{830133CE-7D64-4089-ADA9-5CE5E8706290}.Debug|x64.Deploy.0 = Debug|x64
		{830133CE-7D64-4089-ADA9-5CE5E8706290}.Debug|x86.ActiveCfg = Debug|x86
		{830133CE-7D64-4089-ADA9-5CE5E8706290}.Debug|x86.Build.0 = Debug|x86
		{830133CE-7D64-4089-ADA9-5CE5E8706290}.Debug|x86.Deploy.0 = Debug|x86
		{830133CE-7D64-4089-ADA9-5CE5E8706290}.Release|Any CPU.ActiveCfg = Release|Any CPU
		{830133CE-7D64-4089-ADA9-5CE5E8706290}.Release|Any CPU.Build.0 = Release|Any CPU
		{830133CE-7D64-4089-ADA9-5CE5E8706290}.Release|Any CPU.Deploy.0 = Release|Any CPU
		{830133CE-7D64-4089-ADA9-5CE5E8706290}.Release|ARM.ActiveCfg = Release|ARM
		{830133CE-7D64-4089-ADA9-5CE5E8706290}.Release|ARM.Build.0 = Release|ARM
		{830133CE-7D64-4089-ADA9-5CE5E8706290}.Release|ARM.Deploy.0 = Release|ARM
		{830133CE-7D64-4089-ADA9-5CE5E8706290}.Release|Mixed Platforms.ActiveCfg = Release|x86
		{830133CE-7D64-4089-ADA9-5CE5E8706290}.Release|Mixed Platforms.Build.0 = Release|x86
		{830133CE-7D64-4089-ADA9-5CE5E8706290}.Release|Mixed Platforms.Deploy.0 = Release|x86
		{830133CE-7D64-4089-ADA9-5CE5E8706290}.Release|x64.ActiveCfg = Release|x64
		{830133CE-7D64-4089-ADA9-5CE5E8706290}.Release|x64.Build.0 = Release|x64
		{830133CE-7D64-4089-ADA9-5CE5E8706290}.Release|x64.Deploy.0 = Release|x64
		{830133CE-7D64-4089-ADA9-5CE5E8706290}.Release|x86.ActiveCfg = Release|x86
		{830133CE-7D64-4089-ADA9-5CE5E8706290}.Release|x86.Build.0 = Release|x86
		{830133CE-7D64-4089-ADA9-5CE5E8706290}.Release|x86.Deploy.0 = Release|x86
		{1D7D9640-5003-4D20-AA5F-DC373E9C9664}.Debug|Any CPU.ActiveCfg = Debug|Any CPU
		{1D7D9640-5003-4D20-AA5F-DC373E9C9664}.Debug|Any CPU.Build.0 = Debug|Any CPU
		{1D7D9640-5003-4D20-AA5F-DC373E9C9664}.Debug|ARM.ActiveCfg = Debug|Any CPU
		{1D7D9640-5003-4D20-AA5F-DC373E9C9664}.Debug|Mixed Platforms.ActiveCfg = Debug|Any CPU
		{1D7D9640-5003-4D20-AA5F-DC373E9C9664}.Debug|Mixed Platforms.Build.0 = Debug|Any CPU
		{1D7D9640-5003-4D20-AA5F-DC373E9C9664}.Debug|x64.ActiveCfg = Debug|Any CPU
		{1D7D9640-5003-4D20-AA5F-DC373E9C9664}.Debug|x86.ActiveCfg = Debug|Any CPU
		{1D7D9640-5003-4D20-AA5F-DC373E9C9664}.Release|Any CPU.ActiveCfg = Release|Any CPU
		{1D7D9640-5003-4D20-AA5F-DC373E9C9664}.Release|Any CPU.Build.0 = Release|Any CPU
		{1D7D9640-5003-4D20-AA5F-DC373E9C9664}.Release|ARM.ActiveCfg = Release|Any CPU
		{1D7D9640-5003-4D20-AA5F-DC373E9C9664}.Release|Mixed Platforms.ActiveCfg = Release|Any CPU
		{1D7D9640-5003-4D20-AA5F-DC373E9C9664}.Release|Mixed Platforms.Build.0 = Release|Any CPU
		{1D7D9640-5003-4D20-AA5F-DC373E9C9664}.Release|x64.ActiveCfg = Release|Any CPU
		{1D7D9640-5003-4D20-AA5F-DC373E9C9664}.Release|x86.ActiveCfg = Release|Any CPU
		{08E86986-39B5-4561-B430-D8DF2521734B}.Debug|Any CPU.ActiveCfg = Debug|Any CPU
		{08E86986-39B5-4561-B430-D8DF2521734B}.Debug|Any CPU.Build.0 = Debug|Any CPU
		{08E86986-39B5-4561-B430-D8DF2521734B}.Debug|ARM.ActiveCfg = Debug|Any CPU
		{08E86986-39B5-4561-B430-D8DF2521734B}.Debug|Mixed Platforms.ActiveCfg = Debug|Any CPU
		{08E86986-39B5-4561-B430-D8DF2521734B}.Debug|Mixed Platforms.Build.0 = Debug|Any CPU
		{08E86986-39B5-4561-B430-D8DF2521734B}.Debug|x64.ActiveCfg = Debug|Any CPU
		{08E86986-39B5-4561-B430-D8DF2521734B}.Debug|x86.ActiveCfg = Debug|Any CPU
		{08E86986-39B5-4561-B430-D8DF2521734B}.Release|Any CPU.ActiveCfg = Release|Any CPU
		{08E86986-39B5-4561-B430-D8DF2521734B}.Release|Any CPU.Build.0 = Release|Any CPU
		{08E86986-39B5-4561-B430-D8DF2521734B}.Release|ARM.ActiveCfg = Release|Any CPU
		{08E86986-39B5-4561-B430-D8DF2521734B}.Release|Mixed Platforms.ActiveCfg = Release|Any CPU
		{08E86986-39B5-4561-B430-D8DF2521734B}.Release|Mixed Platforms.Build.0 = Release|Any CPU
		{08E86986-39B5-4561-B430-D8DF2521734B}.Release|x64.ActiveCfg = Release|Any CPU
		{08E86986-39B5-4561-B430-D8DF2521734B}.Release|x86.ActiveCfg = Release|Any CPU
	EndGlobalSection
	GlobalSection(SolutionProperties) = preSolution
		HideSolutionNode = FALSE
	EndGlobalSection
	GlobalSection(NestedProjects) = preSolution
		{B3EE3B7A-05E3-4B0E-9C56-476BE4354EEB} = {9F07395B-938F-4C93-8BE5-0FBBBCDC6DA5}
		{82F9423E-89AD-46EF-A347-6549097B8758} = {9F07395B-938F-4C93-8BE5-0FBBBCDC6DA5}
		{41DF1459-0344-4A4C-859F-8185540E3D30} = {9F07395B-938F-4C93-8BE5-0FBBBCDC6DA5}
		{78F3044F-CC76-4B7A-B0C2-27C92F7309FB} = {9F07395B-938F-4C93-8BE5-0FBBBCDC6DA5}
		{1D7D9640-5003-4D20-AA5F-DC373E9C9664} = {9F07395B-938F-4C93-8BE5-0FBBBCDC6DA5}
		{40A96AE2-C931-4AC1-A38E-5FBB3045216C} = {457F5521-CCCD-44FC-9654-CF39747614A4}
		{6684DB84-8528-4089-837C-C75247A7FB4B} = {457F5521-CCCD-44FC-9654-CF39747614A4}
		{E3B53EEF-D455-4AE4-B1AA-286CA572C279} = {457F5521-CCCD-44FC-9654-CF39747614A4}
		{15C3F3EC-711D-4413-86E7-CDB3F218DD9D} = {457F5521-CCCD-44FC-9654-CF39747614A4}
		{0FDA939D-D0EB-4BAE-9B6A-3B68379B7838} = {457F5521-CCCD-44FC-9654-CF39747614A4}
		{39AD9FB5-C1CE-4D32-9253-79F795DC6426} = {6684DB84-8528-4089-837C-C75247A7FB4B}
		{B0716490-5D1A-40FD-835C-9AA263523B21} = {6684DB84-8528-4089-837C-C75247A7FB4B}
		{C0910D55-CA4A-4F2A-851F-F6FA90D49DD7} = {6684DB84-8528-4089-837C-C75247A7FB4B}
		{A10951A1-8B5D-4518-93D5-C43476A52B41} = {E3B53EEF-D455-4AE4-B1AA-286CA572C279}
		{DDAB3D1C-0F71-4E58-8E11-73E1230B0FDB} = {E3B53EEF-D455-4AE4-B1AA-286CA572C279}
		{35959C60-D8BC-4DAB-84A2-E4EAC181BD9D} = {E3B53EEF-D455-4AE4-B1AA-286CA572C279}
		{A6EB4996-FE40-490B-B3DD-722A65B614D8} = {E3B53EEF-D455-4AE4-B1AA-286CA572C279}
		{6DB18236-76BE-47EC-B095-14FAA8BEF738} = {E3B53EEF-D455-4AE4-B1AA-286CA572C279}
		{830133CE-7D64-4089-ADA9-5CE5E8706290} = {E3B53EEF-D455-4AE4-B1AA-286CA572C279}
		{EF6A4DD6-CF59-4B6E-92F8-3DEF13931D69} = {E3B53EEF-D455-4AE4-B1AA-286CA572C279}
		{08E86986-39B5-4561-B430-D8DF2521734B} = {E3B53EEF-D455-4AE4-B1AA-286CA572C279}
		{412AB226-9D40-45A0-A1DF-3B8CE2B5A0CA} = {E15F1853-FE85-4A5A-8B12-4B8F1D998CD6}
		{2CF77FD4-D4AC-4705-9C01-F04EDD5B64B9} = {E15F1853-FE85-4A5A-8B12-4B8F1D998CD6}
		{87243BE7-4D99-48E1-9C3F-28DCBBDE0B94} = {E15F1853-FE85-4A5A-8B12-4B8F1D998CD6}
		{168DF099-C19D-42DF-AD56-3BA470743335} = {E15F1853-FE85-4A5A-8B12-4B8F1D998CD6}
		{9124CE42-6310-43BD-8E2A-B267195D661E} = {EF6A4DD6-CF59-4B6E-92F8-3DEF13931D69}
	EndGlobalSection
EndGlobal
